
Microsoft Visual Studio Solution File, Format Version 12.00
# Visual Studio 15
VisualStudioVersion = 15.0.27703.2047
MinimumVisualStudioVersion = 10.0.40219.1
Project("{FAE04EC0-301F-11D3-BF4B-00C04F79EFBC}") = "TryAgainApiBG", "TryAgainApiBG\TryAgainApiBG.csproj", "{09BDD601-CD10-42E2-9D3F-A086798513ED}"
EndProject
Global
	GlobalSection(SolutionConfigurationPlatforms) = preSolution
		Debug|Any CPU = Debug|Any CPU
		Release|Any CPU = Release|Any CPU
	EndGlobalSection
	GlobalSection(ProjectConfigurationPlatforms) = postSolution
		{09BDD601-CD10-42E2-9D3F-A086798513ED}.Debug|Any CPU.ActiveCfg = Debug|Any CPU
		{09BDD601-CD10-42E2-9D3F-A086798513ED}.Debug|Any CPU.Build.0 = Debug|Any CPU
		{09BDD601-CD10-42E2-9D3F-A086798513ED}.Release|Any CPU.ActiveCfg = Release|Any CPU
		{09BDD601-CD10-42E2-9D3F-A086798513ED}.Release|Any CPU.Build.0 = Release|Any CPU
	EndGlobalSection
	GlobalSection(SolutionProperties) = preSolution
		HideSolutionNode = FALSE
	EndGlobalSection
	GlobalSection(ExtensibilityGlobals) = postSolution
		SolutionGuid = {7D23281F-86C3-45AA-B6C2-C055019623F6}
	EndGlobalSection
EndGlobal
